{
  "nodes": {
    "flake-utils": {
      "locked": {
        "lastModified": 1659877975,
        "narHash": "sha256-zllb8aq3YO3h8B/U0/J1WBgAL8EX5yWf5pMj3G0NAmc=",
        "owner": "numtide",
        "repo": "flake-utils",
        "rev": "c0e246b9b83f637f4681389ecabcb2681b4f3af0",
        "type": "github"
      },
      "original": {
        "owner": "numtide",
        "repo": "flake-utils",
        "type": "github"
      }
    },
    "gnome-monitor-config": {
      "inputs": {
        "nixpkgs": [
          "nixpkgs"
        ]
      },
      "locked": {
        "lastModified": 1726441563,
        "narHash": "sha256-xKQRkJ59Ew4U3ElIPYRtDdH5Byu7RBg4GHBmLTXc0zk=",
        "owner": "krscott",
        "repo": "gnome-monitor-config",
        "rev": "9d67d46520baf6659518d789a25c6dbd6e0de986",
        "type": "github"
      },
      "original": {
        "owner": "krscott",
        "repo": "gnome-monitor-config",
        "type": "github"
      }
    },
    "home-manager": {
      "inputs": {
        "nixpkgs": [
          "nixpkgs"
        ]
      },
      "locked": {
        "lastModified": 1734344598,
        "narHash": "sha256-wNX3hsScqDdqKWOO87wETUEi7a/QlPVgpC/Lh5rFOuA=",
        "owner": "nix-community",
        "repo": "home-manager",
        "rev": "83ecd50915a09dca928971139d3a102377a8d242",
        "type": "github"
      },
      "original": {
        "owner": "nix-community",
        "repo": "home-manager",
        "type": "github"
      }
    },
    "nixgl": {
      "inputs": {
        "flake-utils": "flake-utils",
        "nixpkgs": [
          "nixpkgs"
        ]
      },
      "locked": {
        "lastModified": 1713543440,
        "narHash": "sha256-lnzZQYG0+EXl/6NkGpyIz+FEOc/DSEG57AP1VsdeNrM=",
        "owner": "nix-community",
        "repo": "nixGL",
        "rev": "310f8e49a149e4c9ea52f1adf70cdc768ec53f8a",
        "type": "github"
      },
      "original": {
        "owner": "nix-community",
        "repo": "nixGL",
        "type": "github"
      }
    },
    "nixos-hardware": {
      "locked": {
        "lastModified": 1735388221,
        "narHash": "sha256-e5IOgjQf0SZcFCEV/gMGrsI0gCJyqOKShBQU0iiM3Kg=",
        "owner": "NixOS",
        "repo": "nixos-hardware",
        "rev": "7c674c6734f61157e321db595dbfcd8523e04e19",
        "type": "github"
      },
      "original": {
        "owner": "NixOS",
        "ref": "master",
        "repo": "nixos-hardware",
        "type": "github"
      }
    },
    "nixpkgs": {
      "locked": {
        "lastModified": 1734119587,
        "narHash": "sha256-AKU6qqskl0yf2+JdRdD0cfxX4b9x3KKV5RqA6wijmPM=",
        "owner": "nixos",
        "repo": "nixpkgs",
        "rev": "3566ab7246670a43abd2ffa913cc62dad9cdf7d5",
        "type": "github"
      },
      "original": {
        "owner": "nixos",
        "ref": "nixos-unstable",
        "repo": "nixpkgs",
        "type": "github"
      }
    },
    "root": {
      "inputs": {
        "gnome-monitor-config": "gnome-monitor-config",
        "home-manager": "home-manager",
        "nixgl": "nixgl",
        "nixos-hardware": "nixos-hardware",
        "nixpkgs": "nixpkgs",
        "sops-nix": "sops-nix"
      }
    },
    "sops-nix": {
      "inputs": {
        "nixpkgs": [
          "nixpkgs"
        ]
      },
      "locked": {
        "lastModified": 1733965552,
        "narHash": "sha256-GZ4YtqkfyTjJFVCub5yAFWsHknG1nS/zfk7MuHht4Fs=",
        "owner": "Mic92",
        "repo": "sops-nix",
        "rev": "2d73fc6ac4eba4b9a83d3cb8275096fbb7ab4004",
        "type": "github"
      },
      "original": {
        "owner": "Mic92",
        "repo": "sops-nix",
        "type": "github"
      }
    }
  },
  "root": "root",
  "version": 7
}
